
Microsoft Visual Studio Solution File, Format Version 12.00
# Visual Studio Version 16
VisualStudioVersion = 16.0.29324.140
MinimumVisualStudioVersion = 10.0.40219.1
Project("{FAE04EC0-301F-11D3-BF4B-00C04F79EFBC}") = "NumericUpDown_Sample.UWP", "NumericUpDown_Sample\NumericUpDown_Sample.UWP\NumericUpDown_Sample.UWP.csproj", "{F5AF88AF-05C4-4330-9774-1FBBF69C95FE}"
EndProject
Project("{FAE04EC0-301F-11D3-BF4B-00C04F79EFBC}") = "NumericUpDown_Sample.Android", "NumericUpDown_Sample\NumericUpDown_Sample.Android\NumericUpDown_Sample.Android.csproj", "{58AC814E-DC7B-4BB1-B63B-3FC5D350E873}"
EndProject
Project("{FAE04EC0-301F-11D3-BF4B-00C04F79EFBC}") = "NumericUpDown_Sample.iOS", "NumericUpDown_Sample\NumericUpDown_Sample.iOS\NumericUpDown_Sample.iOS.csproj", "{CF11160B-E860-4E21-9F4A-59D24203B6F9}"
EndProject
Project("{FAE04EC0-301F-11D3-BF4B-00C04F79EFBC}") = "NumericUpDown_Sample", "NumericUpDown_Sample\NumericUpDown_Sample\NumericUpDown_Sample.csproj", "{60C3031E-8C70-4DA4-B967-75EA58755F90}"
EndProject
Global
	GlobalSection(SolutionConfigurationPlatforms) = preSolution
		Debug|Any CPU = Debug|Any CPU
		Debug|ARM = Debug|ARM
		Debug|iPhone = Debug|iPhone
		Debug|iPhoneSimulator = Debug|iPhoneSimulator
		Debug|x64 = Debug|x64
		Debug|x86 = Debug|x86
		Release|Any CPU = Release|Any CPU
		Release|ARM = Release|ARM
		Release|iPhone = Release|iPhone
		Release|iPhoneSimulator = Release|iPhoneSimulator
		Release|x64 = Release|x64
		Release|x86 = Release|x86
	EndGlobalSection
	GlobalSection(ProjectConfigurationPlatforms) = postSolution
		{F5AF88AF-05C4-4330-9774-1FBBF69C95FE}.Debug|Any CPU.ActiveCfg = Debug|x86
		{F5AF88AF-05C4-4330-9774-1FBBF69C95FE}.Debug|Any CPU.Build.0 = Debug|x86
		{F5AF88AF-05C4-4330-9774-1FBBF69C95FE}.Debug|Any CPU.Deploy.0 = Debug|x86
		{F5AF88AF-05C4-4330-9774-1FBBF69C95FE}.Debug|ARM.ActiveCfg = Debug|ARM
		{F5AF88AF-05C4-4330-9774-1FBBF69C95FE}.Debug|ARM.Build.0 = Debug|ARM
		{F5AF88AF-05C4-4330-9774-1FBBF69C95FE}.Debug|ARM.Deploy.0 = Debug|ARM
		{F5AF88AF-05C4-4330-9774-1FBBF69C95FE}.Debug|iPhone.ActiveCfg = Debug|x86
		{F5AF88AF-05C4-4330-9774-1FBBF69C95FE}.Debug|iPhone.Build.0 = Debug|x86
		{F5AF88AF-05C4-4330-9774-1FBBF69C95FE}.Debug|iPhone.Deploy.0 = Debug|x86
		{F5AF88AF-05C4-4330-9774-1FBBF69C95FE}.Debug|iPhoneSimulator.ActiveCfg = Debug|x86
		{F5AF88AF-05C4-4330-9774-1FBBF69C95FE}.Debug|iPhoneSimulator.Build.0 = Debug|x86
		{F5AF88AF-05C4-4330-9774-1FBBF69C95FE}.Debug|iPhoneSimulator.Deploy.0 = Debug|x86
		{F5AF88AF-05C4-4330-9774-1FBBF69C95FE}.Debug|x64.ActiveCfg = Debug|x64
		{F5AF88AF-05C4-4330-9774-1FBBF69C95FE}.Debug|x64.Build.0 = Debug|x64
		{F5AF88AF-05C4-4330-9774-1FBBF69C95FE}.Debug|x64.Deploy.0 = Debug|x64
		{F5AF88AF-05C4-4330-9774-1FBBF69C95FE}.Debug|x86.ActiveCfg = Debug|x86
		{F5AF88AF-05C4-4330-9774-1FBBF69C95FE}.Debug|x86.Build.0 = Debug|x86
		{F5AF88AF-05C4-4330-9774-1FBBF69C95FE}.Debug|x86.Deploy.0 = Debug|x86
		{F5AF88AF-05C4-4330-9774-1FBBF69C95FE}.Release|Any CPU.ActiveCfg = Release|x86
		{F5AF88AF-05C4-4330-9774-1FBBF69C95FE}.Release|Any CPU.Build.0 = Release|x86
		{F5AF88AF-05C4-4330-9774-1FBBF69C95FE}.Release|Any CPU.Deploy.0 = Release|x86
		{F5AF88AF-05C4-4330-9774-1FBBF69C95FE}.Release|ARM.ActiveCfg = Release|ARM
		{F5AF88AF-05C4-4330-9774-1FBBF69C95FE}.Release|ARM.Build.0 = Release|ARM
		{F5AF88AF-05C4-4330-9774-1FBBF69C95FE}.Release|ARM.Deploy.0 = Release|ARM
		{F5AF88AF-05C4-4330-9774-1FBBF69C95FE}.Release|iPhone.ActiveCfg = Release|x86
		{F5AF88AF-05C4-4330-9774-1FBBF69C95FE}.Release|iPhone.Build.0 = Release|x86
		{F5AF88AF-05C4-4330-9774-1FBBF69C95FE}.Release|iPhone.Deploy.0 = Release|x86
		{F5AF88AF-05C4-4330-9774-1FBBF69C95FE}.Release|iPhoneSimulator.ActiveCfg = Release|x86
		{F5AF88AF-05C4-4330-9774-1FBBF69C95FE}.Release|iPhoneSimulator.Build.0 = Release|x86
		{F5AF88AF-05C4-4330-9774-1FBBF69C95FE}.Release|iPhoneSimulator.Deploy.0 = Release|x86
		{F5AF88AF-05C4-4330-9774-1FBBF69C95FE}.Release|x64.ActiveCfg = Release|x64
		{F5AF88AF-05C4-4330-9774-1FBBF69C95FE}.Release|x64.Build.0 = Release|x64
		{F5AF88AF-05C4-4330-9774-1FBBF69C95FE}.Release|x64.Deploy.0 = Release|x64
		{F5AF88AF-05C4-4330-9774-1FBBF69C95FE}.Release|x86.ActiveCfg = Release|x86
		{F5AF88AF-05C4-4330-9774-1FBBF69C95FE}.Release|x86.Build.0 = Release|x86
		{F5AF88AF-05C4-4330-9774-1FBBF69C95FE}.Release|x86.Deploy.0 = Release|x86
		{58AC814E-DC7B-4BB1-B63B-3FC5D350E873}.Debug|Any CPU.ActiveCfg = Debug|Any CPU
		{58AC814E-DC7B-4BB1-B63B-3FC5D350E873}.Debug|Any CPU.Build.0 = Debug|Any CPU
		{58AC814E-DC7B-4BB1-B63B-3FC5D350E873}.Debug|Any CPU.Deploy.0 = Debug|Any CPU
		{58AC814E-DC7B-4BB1-B63B-3FC5D350E873}.Debug|ARM.ActiveCfg = Debug|Any CPU
		{58AC814E-DC7B-4BB1-B63B-3FC5D350E873}.Debug|ARM.Build.0 = Debug|Any CPU
		{58AC814E-DC7B-4BB1-B63B-3FC5D350E873}.Debug|ARM.Deploy.0 = Debug|Any CPU
		{58AC814E-DC7B-4BB1-B63B-3FC5D350E873}.Debug|iPhone.ActiveCfg = Debug|Any CPU
		{58AC814E-DC7B-4BB1-B63B-3FC5D350E873}.Debug|iPhone.Build.0 = Debug|Any CPU
		{58AC814E-DC7B-4BB1-B63B-3FC5D350E873}.Debug|iPhone.Deploy.0 = Debug|Any CPU
		{58AC814E-DC7B-4BB1-B63B-3FC5D350E873}.Debug|iPhoneSimulator.ActiveCfg = Debug|Any CPU
		{58AC814E-DC7B-4BB1-B63B-3FC5D350E873}.Debug|iPhoneSimulator.Build.0 = Debug|Any CPU
		{58AC814E-DC7B-4BB1-B63B-3FC5D350E873}.Debug|iPhoneSimulator.Deploy.0 = Debug|Any CPU
		{58AC814E-DC7B-4BB1-B63B-3FC5D350E873}.Debug|x64.ActiveCfg = Debug|Any CPU
		{58AC814E-DC7B-4BB1-B63B-3FC5D350E873}.Debug|x64.Build.0 = Debug|Any CPU
		{58AC814E-DC7B-4BB1-B63B-3FC5D350E873}.Debug|x64.Deploy.0 = Debug|Any CPU
		{58AC814E-DC7B-4BB1-B63B-3FC5D350E873}.Debug|x86.ActiveCfg = Debug|Any CPU
		{58AC814E-DC7B-4BB1-B63B-3FC5D350E873}.Debug|x86.Build.0 = Debug|Any CPU
		{58AC814E-DC7B-4BB1-B63B-3FC5D350E873}.Debug|x86.Deploy.0 = Debug|Any CPU
		{58AC814E-DC7B-4BB1-B63B-3FC5D350E873}.Release|Any CPU.ActiveCfg = Release|Any CPU
		{58AC814E-DC7B-4BB1-B63B-3FC5D350E873}.Release|Any CPU.Build.0 = Release|Any CPU
		{58AC814E-DC7B-4BB1-B63B-3FC5D350E873}.Release|Any CPU.Deploy.0 = Release|Any CPU
		{58AC814E-DC7B-4BB1-B63B-3FC5D350E873}.Release|ARM.ActiveCfg = Release|Any CPU
		{58AC814E-DC7B-4BB1-B63B-3FC5D350E873}.Release|ARM.Build.0 = Release|Any CPU
		{58AC814E-DC7B-4BB1-B63B-3FC5D350E873}.Release|ARM.Deploy.0 = Release|Any CPU
		{58AC814E-DC7B-4BB1-B63B-3FC5D350E873}.Release|iPhone.ActiveCfg = Release|Any CPU
		{58AC814E-DC7B-4BB1-B63B-3FC5D350E873}.Release|iPhone.Build.0 = Release|Any CPU
		{58AC814E-DC7B-4BB1-B63B-3FC5D350E873}.Release|iPhone.Deploy.0 = Release|Any CPU
		{58AC814E-DC7B-4BB1-B63B-3FC5D350E873}.Release|iPhoneSimulator.ActiveCfg = Release|Any CPU
		{58AC814E-DC7B-4BB1-B63B-3FC5D350E873}.Release|iPhoneSimulator.Build.0 = Release|Any CPU
		{58AC814E-DC7B-4BB1-B63B-3FC5D350E873}.Release|iPhoneSimulator.Deploy.0 = Release|Any CPU
		{58AC814E-DC7B-4BB1-B63B-3FC5D350E873}.Release|x64.ActiveCfg = Release|Any CPU
		{58AC814E-DC7B-4BB1-B63B-3FC5D350E873}.Release|x64.Build.0 = Release|Any CPU
		{58AC814E-DC7B-4BB1-B63B-3FC5D350E873}.Release|x64.Deploy.0 = Release|Any CPU
		{58AC814E-DC7B-4BB1-B63B-3FC5D350E873}.Release|x86.ActiveCfg = Release|Any CPU
		{58AC814E-DC7B-4BB1-B63B-3FC5D350E873}.Release|x86.Build.0 = Release|Any CPU
		{58AC814E-DC7B-4BB1-B63B-3FC5D350E873}.Release|x86.Deploy.0 = Release|Any CPU
		{CF11160B-E860-4E21-9F4A-59D24203B6F9}.Debug|Any CPU.ActiveCfg = Debug|iPhone
		{CF11160B-E860-4E21-9F4A-59D24203B6F9}.Debug|Any CPU.Build.0 = Debug|iPhone
		{CF11160B-E860-4E21-9F4A-59D24203B6F9}.Debug|Any CPU.Deploy.0 = Debug|iPhone
		{CF11160B-E860-4E21-9F4A-59D24203B6F9}.Debug|ARM.ActiveCfg = Debug|iPhoneSimulator
		{CF11160B-E860-4E21-9F4A-59D24203B6F9}.Debug|ARM.Build.0 = Debug|iPhoneSimulator
		{CF11160B-E860-4E21-9F4A-59D24203B6F9}.Debug|ARM.Deploy.0 = Debug|iPhoneSimulator
		{CF11160B-E860-4E21-9F4A-59D24203B6F9}.Debug|iPhone.ActiveCfg = Debug|iPhone
		{CF11160B-E860-4E21-9F4A-59D24203B6F9}.Debug|iPhone.Build.0 = Debug|iPhone
		{CF11160B-E860-4E21-9F4A-59D24203B6F9}.Debug|iPhone.Deploy.0 = Debug|iPhone
		{CF11160B-E860-4E21-9F4A-59D24203B6F9}.Debug|iPhoneSimulator.ActiveCfg = Debug|iPhoneSimulator
		{CF11160B-E860-4E21-9F4A-59D24203B6F9}.Debug|iPhoneSimulator.Build.0 = Debug|iPhoneSimulator
		{CF11160B-E860-4E21-9F4A-59D24203B6F9}.Debug|iPhoneSimulator.Deploy.0 = Debug|iPhoneSimulator
		{CF11160B-E860-4E21-9F4A-59D24203B6F9}.Debug|x64.ActiveCfg = Debug|iPhone
		{CF11160B-E860-4E21-9F4A-59D24203B6F9}.Debug|x64.Build.0 = Debug|iPhone
		{CF11160B-E860-4E21-9F4A-59D24203B6F9}.Debug|x64.Deploy.0 = Debug|iPhone
		{CF11160B-E860-4E21-9F4A-59D24203B6F9}.Debug|x86.ActiveCfg = Debug|iPhone
		{CF11160B-E860-4E21-9F4A-59D24203B6F9}.Debug|x86.Build.0 = Debug|iPhone
		{CF11160B-E860-4E21-9F4A-59D24203B6F9}.Debug|x86.Deploy.0 = Debug|iPhone
		{CF11160B-E860-4E21-9F4A-59D24203B6F9}.Release|Any CPU.ActiveCfg = Release|iPhone
		{CF11160B-E860-4E21-9F4A-59D24203B6F9}.Release|Any CPU.Build.0 = Release|iPhone
		{CF11160B-E860-4E21-9F4A-59D24203B6F9}.Release|Any CPU.Deploy.0 = Release|iPhone
		{CF11160B-E860-4E21-9F4A-59D24203B6F9}.Release|ARM.ActiveCfg = Release|iPhone
		{CF11160B-E860-4E21-9F4A-59D24203B6F9}.Release|ARM.Build.0 = Release|iPhone
		{CF11160B-E860-4E21-9F4A-59D24203B6F9}.Release|ARM.Deploy.0 = Release|iPhone
		{CF11160B-E860-4E21-9F4A-59D24203B6F9}.Release|iPhone.ActiveCfg = Release|iPhone
		{CF11160B-E860-4E21-9F4A-59D24203B6F9}.Release|iPhone.Build.0 = Release|iPhone
		{CF11160B-E860-4E21-9F4A-59D24203B6F9}.Release|iPhone.Deploy.0 = Release|iPhone
		{CF11160B-E860-4E21-9F4A-59D24203B6F9}.Release|iPhoneSimulator.ActiveCfg = Release|iPhoneSimulator
		{CF11160B-E860-4E21-9F4A-59D24203B6F9}.Release|iPhoneSimulator.Build.0 = Release|iPhoneSimulator
		{CF11160B-E860-4E21-9F4A-59D24203B6F9}.Release|iPhoneSimulator.Deploy.0 = Release|iPhoneSimulator
		{CF11160B-E860-4E21-9F4A-59D24203B6F9}.Release|x64.ActiveCfg = Release|iPhone
		{CF11160B-E860-4E21-9F4A-59D24203B6F9}.Release|x64.Build.0 = Release|iPhone
		{CF11160B-E860-4E21-9F4A-59D24203B6F9}.Release|x64.Deploy.0 = Release|iPhone
		{CF11160B-E860-4E21-9F4A-59D24203B6F9}.Release|x86.ActiveCfg = Release|iPhone
		{CF11160B-E860-4E21-9F4A-59D24203B6F9}.Release|x86.Build.0 = Release|iPhone
		{CF11160B-E860-4E21-9F4A-59D24203B6F9}.Release|x86.Deploy.0 = Release|iPhone
		{60C3031E-8C70-4DA4-B967-75EA58755F90}.Debug|Any CPU.ActiveCfg = Debug|Any CPU
		{60C3031E-8C70-4DA4-B967-75EA58755F90}.Debug|Any CPU.Build.0 = Debug|Any CPU
		{60C3031E-8C70-4DA4-B967-75EA58755F90}.Debug|Any CPU.Deploy.0 = Debug|Any CPU
		{60C3031E-8C70-4DA4-B967-75EA58755F90}.Debug|ARM.ActiveCfg = Debug|Any CPU
		{60C3031E-8C70-4DA4-B967-75EA58755F90}.Debug|ARM.Build.0 = Debug|Any CPU
		{60C3031E-8C70-4DA4-B967-75EA58755F90}.Debug|ARM.Deploy.0 = Debug|Any CPU
		{60C3031E-8C70-4DA4-B967-75EA58755F90}.Debug|iPhone.ActiveCfg = Debug|Any CPU
		{60C3031E-8C70-4DA4-B967-75EA58755F90}.Debug|iPhone.Build.0 = Debug|Any CPU
		{60C3031E-8C70-4DA4-B967-75EA58755F90}.Debug|iPhone.Deploy.0 = Debug|Any CPU
		{60C3031E-8C70-4DA4-B967-75EA58755F90}.Debug|iPhoneSimulator.ActiveCfg = Debug|Any CPU
		{60C3031E-8C70-4DA4-B967-75EA58755F90}.Debug|iPhoneSimulator.Build.0 = Debug|Any CPU
		{60C3031E-8C70-4DA4-B967-75EA58755F90}.Debug|iPhoneSimulator.Deploy.0 = Debug|Any CPU
		{60C3031E-8C70-4DA4-B967-75EA58755F90}.Debug|x64.ActiveCfg = Debug|Any CPU
		{60C3031E-8C70-4DA4-B967-75EA58755F90}.Debug|x64.Build.0 = Debug|Any CPU
		{60C3031E-8C70-4DA4-B967-75EA58755F90}.Debug|x64.Deploy.0 = Debug|Any CPU
		{60C3031E-8C70-4DA4-B967-75EA58755F90}.Debug|x86.ActiveCfg = Debug|Any CPU
		{60C3031E-8C70-4DA4-B967-75EA58755F90}.Debug|x86.Build.0 = Debug|Any CPU
		{60C3031E-8C70-4DA4-B967-75EA58755F90}.Debug|x86.Deploy.0 = Debug|Any CPU
		{60C3031E-8C70-4DA4-B967-75EA58755F90}.Release|Any CPU.ActiveCfg = Release|Any CPU
		{60C3031E-8C70-4DA4-B967-75EA58755F90}.Release|Any CPU.Build.0 = Release|Any CPU
		{60C3031E-8C70-4DA4-B967-75EA58755F90}.Release|Any CPU.Deploy.0 = Release|Any CPU
		{60C3031E-8C70-4DA4-B967-75EA58755F90}.Release|ARM.ActiveCfg = Release|Any CPU
		{60C3031E-8C70-4DA4-B967-75EA58755F90}.Release|ARM.Build.0 = Release|Any CPU
		{60C3031E-8C70-4DA4-B967-75EA58755F90}.Release|ARM.Deploy.0 = Release|Any CPU
		{60C3031E-8C70-4DA4-B967-75EA58755F90}.Release|iPhone.ActiveCfg = Release|Any CPU
		{60C3031E-8C70-4DA4-B967-75EA58755F90}.Release|iPhone.Build.0 = Release|Any CPU
		{60C3031E-8C70-4DA4-B967-75EA58755F90}.Release|iPhone.Deploy.0 = Release|Any CPU
		{60C3031E-8C70-4DA4-B967-75EA58755F90}.Release|iPhoneSimulator.ActiveCfg = Release|Any CPU
		{60C3031E-8C70-4DA4-B967-75EA58755F90}.Release|iPhoneSimulator.Build.0 = Release|Any CPU
		{60C3031E-8C70-4DA4-B967-75EA58755F90}.Release|iPhoneSimulator.Deploy.0 = Release|Any CPU
		{60C3031E-8C70-4DA4-B967-75EA58755F90}.Release|x64.ActiveCfg = Release|Any CPU
		{60C3031E-8C70-4DA4-B967-75EA58755F90}.Release|x64.Build.0 = Release|Any CPU
		{60C3031E-8C70-4DA4-B967-75EA58755F90}.Release|x64.Deploy.0 = Release|Any CPU
		{60C3031E-8C70-4DA4-B967-75EA58755F90}.Release|x86.ActiveCfg = Release|Any CPU
		{60C3031E-8C70-4DA4-B967-75EA58755F90}.Release|x86.Build.0 = Release|Any CPU
		{60C3031E-8C70-4DA4-B967-75EA58755F90}.Release|x86.Deploy.0 = Release|Any CPU
	EndGlobalSection
	GlobalSection(SolutionProperties) = preSolution
		HideSolutionNode = FALSE
	EndGlobalSection
	GlobalSection(ExtensibilityGlobals) = postSolution
		SolutionGuid = {B40653E4-7BD9-4F4E-A78E-66321CFD3FF4}
	EndGlobalSection
EndGlobal
