
Microsoft Visual Studio Solution File, Format Version 12.00
# Visual Studio Version 16
VisualStudioVersion = 16.0.29324.140
MinimumVisualStudioVersion = 10.0.40219.1
Project("{FAE04EC0-301F-11D3-BF4B-00C04F79EFBC}") = "NumericTextBox_Sample.UWP", "NumericTextBox_Sample\NumericTextBox_Sample.UWP\NumericTextBox_Sample.UWP.csproj", "{B96C4061-458C-4283-AE5E-9BBBFD83633E}"
EndProject
Project("{FAE04EC0-301F-11D3-BF4B-00C04F79EFBC}") = "NumericTextBox_Sample.Android", "NumericTextBox_Sample\NumericTextBox_Sample.Android\NumericTextBox_Sample.Android.csproj", "{8F00B267-736E-4E18-9733-A076EECBDE06}"
EndProject
Project("{FAE04EC0-301F-11D3-BF4B-00C04F79EFBC}") = "NumericTextBox_Sample.iOS", "NumericTextBox_Sample\NumericTextBox_Sample.iOS\NumericTextBox_Sample.iOS.csproj", "{67E48F86-3459-410F-B88D-08C8143D800F}"
EndProject
Project("{FAE04EC0-301F-11D3-BF4B-00C04F79EFBC}") = "NumericTextBox_Sample", "NumericTextBox_Sample\NumericTextBox_Sample\NumericTextBox_Sample.csproj", "{1CDB32B6-5CB8-4EAE-A2E0-46713E38C6C7}"
EndProject
Global
	GlobalSection(SolutionConfigurationPlatforms) = preSolution
		Debug|Any CPU = Debug|Any CPU
		Debug|ARM = Debug|ARM
		Debug|iPhone = Debug|iPhone
		Debug|iPhoneSimulator = Debug|iPhoneSimulator
		Debug|x64 = Debug|x64
		Debug|x86 = Debug|x86
		Release|Any CPU = Release|Any CPU
		Release|ARM = Release|ARM
		Release|iPhone = Release|iPhone
		Release|iPhoneSimulator = Release|iPhoneSimulator
		Release|x64 = Release|x64
		Release|x86 = Release|x86
	EndGlobalSection
	GlobalSection(ProjectConfigurationPlatforms) = postSolution
		{B96C4061-458C-4283-AE5E-9BBBFD83633E}.Debug|Any CPU.ActiveCfg = Debug|x86
		{B96C4061-458C-4283-AE5E-9BBBFD83633E}.Debug|Any CPU.Build.0 = Debug|x86
		{B96C4061-458C-4283-AE5E-9BBBFD83633E}.Debug|Any CPU.Deploy.0 = Debug|x86
		{B96C4061-458C-4283-AE5E-9BBBFD83633E}.Debug|ARM.ActiveCfg = Debug|ARM
		{B96C4061-458C-4283-AE5E-9BBBFD83633E}.Debug|ARM.Build.0 = Debug|ARM
		{B96C4061-458C-4283-AE5E-9BBBFD83633E}.Debug|ARM.Deploy.0 = Debug|ARM
		{B96C4061-458C-4283-AE5E-9BBBFD83633E}.Debug|iPhone.ActiveCfg = Debug|x86
		{B96C4061-458C-4283-AE5E-9BBBFD83633E}.Debug|iPhone.Build.0 = Debug|x86
		{B96C4061-458C-4283-AE5E-9BBBFD83633E}.Debug|iPhone.Deploy.0 = Debug|x86
		{B96C4061-458C-4283-AE5E-9BBBFD83633E}.Debug|iPhoneSimulator.ActiveCfg = Debug|x86
		{B96C4061-458C-4283-AE5E-9BBBFD83633E}.Debug|iPhoneSimulator.Build.0 = Debug|x86
		{B96C4061-458C-4283-AE5E-9BBBFD83633E}.Debug|iPhoneSimulator.Deploy.0 = Debug|x86
		{B96C4061-458C-4283-AE5E-9BBBFD83633E}.Debug|x64.ActiveCfg = Debug|x64
		{B96C4061-458C-4283-AE5E-9BBBFD83633E}.Debug|x64.Build.0 = Debug|x64
		{B96C4061-458C-4283-AE5E-9BBBFD83633E}.Debug|x64.Deploy.0 = Debug|x64
		{B96C4061-458C-4283-AE5E-9BBBFD83633E}.Debug|x86.ActiveCfg = Debug|x86
		{B96C4061-458C-4283-AE5E-9BBBFD83633E}.Debug|x86.Build.0 = Debug|x86
		{B96C4061-458C-4283-AE5E-9BBBFD83633E}.Debug|x86.Deploy.0 = Debug|x86
		{B96C4061-458C-4283-AE5E-9BBBFD83633E}.Release|Any CPU.ActiveCfg = Release|x86
		{B96C4061-458C-4283-AE5E-9BBBFD83633E}.Release|Any CPU.Build.0 = Release|x86
		{B96C4061-458C-4283-AE5E-9BBBFD83633E}.Release|Any CPU.Deploy.0 = Release|x86
		{B96C4061-458C-4283-AE5E-9BBBFD83633E}.Release|ARM.ActiveCfg = Release|ARM
		{B96C4061-458C-4283-AE5E-9BBBFD83633E}.Release|ARM.Build.0 = Release|ARM
		{B96C4061-458C-4283-AE5E-9BBBFD83633E}.Release|ARM.Deploy.0 = Release|ARM
		{B96C4061-458C-4283-AE5E-9BBBFD83633E}.Release|iPhone.ActiveCfg = Release|x86
		{B96C4061-458C-4283-AE5E-9BBBFD83633E}.Release|iPhone.Build.0 = Release|x86
		{B96C4061-458C-4283-AE5E-9BBBFD83633E}.Release|iPhone.Deploy.0 = Release|x86
		{B96C4061-458C-4283-AE5E-9BBBFD83633E}.Release|iPhoneSimulator.ActiveCfg = Release|x86
		{B96C4061-458C-4283-AE5E-9BBBFD83633E}.Release|iPhoneSimulator.Build.0 = Release|x86
		{B96C4061-458C-4283-AE5E-9BBBFD83633E}.Release|iPhoneSimulator.Deploy.0 = Release|x86
		{B96C4061-458C-4283-AE5E-9BBBFD83633E}.Release|x64.ActiveCfg = Release|x64
		{B96C4061-458C-4283-AE5E-9BBBFD83633E}.Release|x64.Build.0 = Release|x64
		{B96C4061-458C-4283-AE5E-9BBBFD83633E}.Release|x64.Deploy.0 = Release|x64
		{B96C4061-458C-4283-AE5E-9BBBFD83633E}.Release|x86.ActiveCfg = Release|x86
		{B96C4061-458C-4283-AE5E-9BBBFD83633E}.Release|x86.Build.0 = Release|x86
		{B96C4061-458C-4283-AE5E-9BBBFD83633E}.Release|x86.Deploy.0 = Release|x86
		{8F00B267-736E-4E18-9733-A076EECBDE06}.Debug|Any CPU.ActiveCfg = Debug|Any CPU
		{8F00B267-736E-4E18-9733-A076EECBDE06}.Debug|Any CPU.Build.0 = Debug|Any CPU
		{8F00B267-736E-4E18-9733-A076EECBDE06}.Debug|Any CPU.Deploy.0 = Debug|Any CPU
		{8F00B267-736E-4E18-9733-A076EECBDE06}.Debug|ARM.ActiveCfg = Debug|Any CPU
		{8F00B267-736E-4E18-9733-A076EECBDE06}.Debug|ARM.Build.0 = Debug|Any CPU
		{8F00B267-736E-4E18-9733-A076EECBDE06}.Debug|ARM.Deploy.0 = Debug|Any CPU
		{8F00B267-736E-4E18-9733-A076EECBDE06}.Debug|iPhone.ActiveCfg = Debug|Any CPU
		{8F00B267-736E-4E18-9733-A076EECBDE06}.Debug|iPhone.Build.0 = Debug|Any CPU
		{8F00B267-736E-4E18-9733-A076EECBDE06}.Debug|iPhone.Deploy.0 = Debug|Any CPU
		{8F00B267-736E-4E18-9733-A076EECBDE06}.Debug|iPhoneSimulator.ActiveCfg = Debug|Any CPU
		{8F00B267-736E-4E18-9733-A076EECBDE06}.Debug|iPhoneSimulator.Build.0 = Debug|Any CPU
		{8F00B267-736E-4E18-9733-A076EECBDE06}.Debug|iPhoneSimulator.Deploy.0 = Debug|Any CPU
		{8F00B267-736E-4E18-9733-A076EECBDE06}.Debug|x64.ActiveCfg = Debug|Any CPU
		{8F00B267-736E-4E18-9733-A076EECBDE06}.Debug|x64.Build.0 = Debug|Any CPU
		{8F00B267-736E-4E18-9733-A076EECBDE06}.Debug|x64.Deploy.0 = Debug|Any CPU
		{8F00B267-736E-4E18-9733-A076EECBDE06}.Debug|x86.ActiveCfg = Debug|Any CPU
		{8F00B267-736E-4E18-9733-A076EECBDE06}.Debug|x86.Build.0 = Debug|Any CPU
		{8F00B267-736E-4E18-9733-A076EECBDE06}.Debug|x86.Deploy.0 = Debug|Any CPU
		{8F00B267-736E-4E18-9733-A076EECBDE06}.Release|Any CPU.ActiveCfg = Release|Any CPU
		{8F00B267-736E-4E18-9733-A076EECBDE06}.Release|Any CPU.Build.0 = Release|Any CPU
		{8F00B267-736E-4E18-9733-A076EECBDE06}.Release|Any CPU.Deploy.0 = Release|Any CPU
		{8F00B267-736E-4E18-9733-A076EECBDE06}.Release|ARM.ActiveCfg = Release|Any CPU
		{8F00B267-736E-4E18-9733-A076EECBDE06}.Release|ARM.Build.0 = Release|Any CPU
		{8F00B267-736E-4E18-9733-A076EECBDE06}.Release|ARM.Deploy.0 = Release|Any CPU
		{8F00B267-736E-4E18-9733-A076EECBDE06}.Release|iPhone.ActiveCfg = Release|Any CPU
		{8F00B267-736E-4E18-9733-A076EECBDE06}.Release|iPhone.Build.0 = Release|Any CPU
		{8F00B267-736E-4E18-9733-A076EECBDE06}.Release|iPhone.Deploy.0 = Release|Any CPU
		{8F00B267-736E-4E18-9733-A076EECBDE06}.Release|iPhoneSimulator.ActiveCfg = Release|Any CPU
		{8F00B267-736E-4E18-9733-A076EECBDE06}.Release|iPhoneSimulator.Build.0 = Release|Any CPU
		{8F00B267-736E-4E18-9733-A076EECBDE06}.Release|iPhoneSimulator.Deploy.0 = Release|Any CPU
		{8F00B267-736E-4E18-9733-A076EECBDE06}.Release|x64.ActiveCfg = Release|Any CPU
		{8F00B267-736E-4E18-9733-A076EECBDE06}.Release|x64.Build.0 = Release|Any CPU
		{8F00B267-736E-4E18-9733-A076EECBDE06}.Release|x64.Deploy.0 = Release|Any CPU
		{8F00B267-736E-4E18-9733-A076EECBDE06}.Release|x86.ActiveCfg = Release|Any CPU
		{8F00B267-736E-4E18-9733-A076EECBDE06}.Release|x86.Build.0 = Release|Any CPU
		{8F00B267-736E-4E18-9733-A076EECBDE06}.Release|x86.Deploy.0 = Release|Any CPU
		{67E48F86-3459-410F-B88D-08C8143D800F}.Debug|Any CPU.ActiveCfg = Debug|iPhone
		{67E48F86-3459-410F-B88D-08C8143D800F}.Debug|Any CPU.Build.0 = Debug|iPhone
		{67E48F86-3459-410F-B88D-08C8143D800F}.Debug|Any CPU.Deploy.0 = Debug|iPhone
		{67E48F86-3459-410F-B88D-08C8143D800F}.Debug|ARM.ActiveCfg = Debug|iPhoneSimulator
		{67E48F86-3459-410F-B88D-08C8143D800F}.Debug|ARM.Build.0 = Debug|iPhoneSimulator
		{67E48F86-3459-410F-B88D-08C8143D800F}.Debug|ARM.Deploy.0 = Debug|iPhoneSimulator
		{67E48F86-3459-410F-B88D-08C8143D800F}.Debug|iPhone.ActiveCfg = Debug|iPhone
		{67E48F86-3459-410F-B88D-08C8143D800F}.Debug|iPhone.Build.0 = Debug|iPhone
		{67E48F86-3459-410F-B88D-08C8143D800F}.Debug|iPhone.Deploy.0 = Debug|iPhone
		{67E48F86-3459-410F-B88D-08C8143D800F}.Debug|iPhoneSimulator.ActiveCfg = Debug|iPhoneSimulator
		{67E48F86-3459-410F-B88D-08C8143D800F}.Debug|iPhoneSimulator.Build.0 = Debug|iPhoneSimulator
		{67E48F86-3459-410F-B88D-08C8143D800F}.Debug|iPhoneSimulator.Deploy.0 = Debug|iPhoneSimulator
		{67E48F86-3459-410F-B88D-08C8143D800F}.Debug|x64.ActiveCfg = Debug|iPhone
		{67E48F86-3459-410F-B88D-08C8143D800F}.Debug|x64.Build.0 = Debug|iPhone
		{67E48F86-3459-410F-B88D-08C8143D800F}.Debug|x64.Deploy.0 = Debug|iPhone
		{67E48F86-3459-410F-B88D-08C8143D800F}.Debug|x86.ActiveCfg = Debug|iPhone
		{67E48F86-3459-410F-B88D-08C8143D800F}.Debug|x86.Build.0 = Debug|iPhone
		{67E48F86-3459-410F-B88D-08C8143D800F}.Debug|x86.Deploy.0 = Debug|iPhone
		{67E48F86-3459-410F-B88D-08C8143D800F}.Release|Any CPU.ActiveCfg = Release|iPhone
		{67E48F86-3459-410F-B88D-08C8143D800F}.Release|Any CPU.Build.0 = Release|iPhone
		{67E48F86-3459-410F-B88D-08C8143D800F}.Release|Any CPU.Deploy.0 = Release|iPhone
		{67E48F86-3459-410F-B88D-08C8143D800F}.Release|ARM.ActiveCfg = Release|iPhone
		{67E48F86-3459-410F-B88D-08C8143D800F}.Release|ARM.Build.0 = Release|iPhone
		{67E48F86-3459-410F-B88D-08C8143D800F}.Release|ARM.Deploy.0 = Release|iPhone
		{67E48F86-3459-410F-B88D-08C8143D800F}.Release|iPhone.ActiveCfg = Release|iPhone
		{67E48F86-3459-410F-B88D-08C8143D800F}.Release|iPhone.Build.0 = Release|iPhone
		{67E48F86-3459-410F-B88D-08C8143D800F}.Release|iPhone.Deploy.0 = Release|iPhone
		{67E48F86-3459-410F-B88D-08C8143D800F}.Release|iPhoneSimulator.ActiveCfg = Release|iPhoneSimulator
		{67E48F86-3459-410F-B88D-08C8143D800F}.Release|iPhoneSimulator.Build.0 = Release|iPhoneSimulator
		{67E48F86-3459-410F-B88D-08C8143D800F}.Release|iPhoneSimulator.Deploy.0 = Release|iPhoneSimulator
		{67E48F86-3459-410F-B88D-08C8143D800F}.Release|x64.ActiveCfg = Release|iPhone
		{67E48F86-3459-410F-B88D-08C8143D800F}.Release|x64.Build.0 = Release|iPhone
		{67E48F86-3459-410F-B88D-08C8143D800F}.Release|x64.Deploy.0 = Release|iPhone
		{67E48F86-3459-410F-B88D-08C8143D800F}.Release|x86.ActiveCfg = Release|iPhone
		{67E48F86-3459-410F-B88D-08C8143D800F}.Release|x86.Build.0 = Release|iPhone
		{67E48F86-3459-410F-B88D-08C8143D800F}.Release|x86.Deploy.0 = Release|iPhone
		{1CDB32B6-5CB8-4EAE-A2E0-46713E38C6C7}.Debug|Any CPU.ActiveCfg = Debug|Any CPU
		{1CDB32B6-5CB8-4EAE-A2E0-46713E38C6C7}.Debug|Any CPU.Build.0 = Debug|Any CPU
		{1CDB32B6-5CB8-4EAE-A2E0-46713E38C6C7}.Debug|Any CPU.Deploy.0 = Debug|Any CPU
		{1CDB32B6-5CB8-4EAE-A2E0-46713E38C6C7}.Debug|ARM.ActiveCfg = Debug|Any CPU
		{1CDB32B6-5CB8-4EAE-A2E0-46713E38C6C7}.Debug|ARM.Build.0 = Debug|Any CPU
		{1CDB32B6-5CB8-4EAE-A2E0-46713E38C6C7}.Debug|ARM.Deploy.0 = Debug|Any CPU
		{1CDB32B6-5CB8-4EAE-A2E0-46713E38C6C7}.Debug|iPhone.ActiveCfg = Debug|Any CPU
		{1CDB32B6-5CB8-4EAE-A2E0-46713E38C6C7}.Debug|iPhone.Build.0 = Debug|Any CPU
		{1CDB32B6-5CB8-4EAE-A2E0-46713E38C6C7}.Debug|iPhone.Deploy.0 = Debug|Any CPU
		{1CDB32B6-5CB8-4EAE-A2E0-46713E38C6C7}.Debug|iPhoneSimulator.ActiveCfg = Debug|Any CPU
		{1CDB32B6-5CB8-4EAE-A2E0-46713E38C6C7}.Debug|iPhoneSimulator.Build.0 = Debug|Any CPU
		{1CDB32B6-5CB8-4EAE-A2E0-46713E38C6C7}.Debug|iPhoneSimulator.Deploy.0 = Debug|Any CPU
		{1CDB32B6-5CB8-4EAE-A2E0-46713E38C6C7}.Debug|x64.ActiveCfg = Debug|Any CPU
		{1CDB32B6-5CB8-4EAE-A2E0-46713E38C6C7}.Debug|x64.Build.0 = Debug|Any CPU
		{1CDB32B6-5CB8-4EAE-A2E0-46713E38C6C7}.Debug|x64.Deploy.0 = Debug|Any CPU
		{1CDB32B6-5CB8-4EAE-A2E0-46713E38C6C7}.Debug|x86.ActiveCfg = Debug|Any CPU
		{1CDB32B6-5CB8-4EAE-A2E0-46713E38C6C7}.Debug|x86.Build.0 = Debug|Any CPU
		{1CDB32B6-5CB8-4EAE-A2E0-46713E38C6C7}.Debug|x86.Deploy.0 = Debug|Any CPU
		{1CDB32B6-5CB8-4EAE-A2E0-46713E38C6C7}.Release|Any CPU.ActiveCfg = Release|Any CPU
		{1CDB32B6-5CB8-4EAE-A2E0-46713E38C6C7}.Release|Any CPU.Build.0 = Release|Any CPU
		{1CDB32B6-5CB8-4EAE-A2E0-46713E38C6C7}.Release|Any CPU.Deploy.0 = Release|Any CPU
		{1CDB32B6-5CB8-4EAE-A2E0-46713E38C6C7}.Release|ARM.ActiveCfg = Release|Any CPU
		{1CDB32B6-5CB8-4EAE-A2E0-46713E38C6C7}.Release|ARM.Build.0 = Release|Any CPU
		{1CDB32B6-5CB8-4EAE-A2E0-46713E38C6C7}.Release|ARM.Deploy.0 = Release|Any CPU
		{1CDB32B6-5CB8-4EAE-A2E0-46713E38C6C7}.Release|iPhone.ActiveCfg = Release|Any CPU
		{1CDB32B6-5CB8-4EAE-A2E0-46713E38C6C7}.Release|iPhone.Build.0 = Release|Any CPU
		{1CDB32B6-5CB8-4EAE-A2E0-46713E38C6C7}.Release|iPhone.Deploy.0 = Release|Any CPU
		{1CDB32B6-5CB8-4EAE-A2E0-46713E38C6C7}.Release|iPhoneSimulator.ActiveCfg = Release|Any CPU
		{1CDB32B6-5CB8-4EAE-A2E0-46713E38C6C7}.Release|iPhoneSimulator.Build.0 = Release|Any CPU
		{1CDB32B6-5CB8-4EAE-A2E0-46713E38C6C7}.Release|iPhoneSimulator.Deploy.0 = Release|Any CPU
		{1CDB32B6-5CB8-4EAE-A2E0-46713E38C6C7}.Release|x64.ActiveCfg = Release|Any CPU
		{1CDB32B6-5CB8-4EAE-A2E0-46713E38C6C7}.Release|x64.Build.0 = Release|Any CPU
		{1CDB32B6-5CB8-4EAE-A2E0-46713E38C6C7}.Release|x64.Deploy.0 = Release|Any CPU
		{1CDB32B6-5CB8-4EAE-A2E0-46713E38C6C7}.Release|x86.ActiveCfg = Release|Any CPU
		{1CDB32B6-5CB8-4EAE-A2E0-46713E38C6C7}.Release|x86.Build.0 = Release|Any CPU
		{1CDB32B6-5CB8-4EAE-A2E0-46713E38C6C7}.Release|x86.Deploy.0 = Release|Any CPU
	EndGlobalSection
	GlobalSection(SolutionProperties) = preSolution
		HideSolutionNode = FALSE
	EndGlobalSection
	GlobalSection(ExtensibilityGlobals) = postSolution
		SolutionGuid = {84486E52-DAA4-4E3C-9DAE-C6C8AC2AA215}
	EndGlobalSection
EndGlobal
